
Microsoft Visual Studio Solution File, Format Version 12.00
# Visual Studio Version 16
VisualStudioVersion = 16.0.30114.105
MinimumVisualStudioVersion = 10.0.40219.1
Project("{FAE04EC0-301F-11D3-BF4B-00C04F79EFBC}") = "BuberBreakfast.Contracts", "BuberBreakfast.Contracts\BuberBreakfast.Contracts.csproj", "{32D5B19E-C9BF-49E0-9768-6E347F7C3BB3}"
EndProject
Project("{FAE04EC0-301F-11D3-BF4B-00C04F79EFBC}") = "BuberBreakfast", "BuberBreakfast\BuberBreakfast.csproj", "{03FACDD5-719F-4464-9201-D9F65632247E}"
EndProject
Global
	GlobalSection(SolutionConfigurationPlatforms) = preSolution
		Debug|Any CPU = Debug|Any CPU
		Release|Any CPU = Release|Any CPU
	EndGlobalSection
	GlobalSection(SolutionProperties) = preSolution
		HideSolutionNode = FALSE
	EndGlobalSection
	GlobalSection(ProjectConfigurationPlatforms) = postSolution
		{32D5B19E-C9BF-49E0-9768-6E347F7C3BB3}.Debug|Any CPU.ActiveCfg = Debug|Any CPU
		{32D5B19E-C9BF-49E0-9768-6E347F7C3BB3}.Debug|Any CPU.Build.0 = Debug|Any CPU
		{32D5B19E-C9BF-49E0-9768-6E347F7C3BB3}.Release|Any CPU.ActiveCfg = Release|Any CPU
		{32D5B19E-C9BF-49E0-9768-6E347F7C3BB3}.Release|Any CPU.Build.0 = Release|Any CPU
		{03FACDD5-719F-4464-9201-D9F65632247E}.Debug|Any CPU.ActiveCfg = Debug|Any CPU
		{03FACDD5-719F-4464-9201-D9F65632247E}.Debug|Any CPU.Build.0 = Debug|Any CPU
		{03FACDD5-719F-4464-9201-D9F65632247E}.Release|Any CPU.ActiveCfg = Release|Any CPU
		{03FACDD5-719F-4464-9201-D9F65632247E}.Release|Any CPU.Build.0 = Release|Any CPU
	EndGlobalSection
EndGlobal
